// !$*UTF8*$!
{
	archiveVersion = 1;
	classes = {
	};
	objectVersion = 46;
	objects = {

/* Begin PBXBuildFile section */
		03E114E31C832C83000B8942 /* main.swift in Sources */ = {isa = PBXBuildFile; fileRef = 03E114E21C832C83000B8942 /* main.swift */; };
		03E114EA1C832C8B000B8942 /* BitmapCanvas.swift in Sources */ = {isa = PBXBuildFile; fileRef = 03E114E91C832C8B000B8942 /* BitmapCanvas.swift */; };
		03E834F91C8C6AB300FAC6AD /* X11Colors.swift in Sources */ = {isa = PBXBuildFile; fileRef = 03E834F81C8C6AB300FAC6AD /* X11Colors.swift */; };
/* End PBXBuildFile section */

/* Begin PBXCopyFilesBuildPhase section */
		03E114DD1C832C83000B8942 /* CopyFiles */ = {
			isa = PBXCopyFilesBuildPhase;
			buildActionMask = 2147483647;
			dstPath = /usr/share/man/man1/;
			dstSubfolderSpec = 0;
			files = (
			);
			runOnlyForDeploymentPostprocessing = 1;
		};
/* End PBXCopyFilesBuildPhase section */

/* Begin PBXFileReference section */
		03E114DF1C832C83000B8942 /* BitmapCanvas */ = {isa = PBXFileReference; explicitFileType = "compiled.mach-o.executable"; includeInIndex = 0; path = BitmapCanvas; sourceTree = BUILT_PRODUCTS_DIR; };
		03E114E21C832C83000B8942 /* main.swift */ = {isa = PBXFileReference; lastKnownFileType = sourcecode.swift; path = main.swift; sourceTree = "<group>"; };
		03E114E91C832C8B000B8942 /* BitmapCanvas.swift */ = {isa = PBXFileReference; fileEncoding = 4; lastKnownFileType = sourcecode.swift; path = BitmapCanvas.swift; sourceTree = "<group>"; };
		03E114EB1C832F1A000B8942 /* README.md */ = {isa = PBXFileReference; lastKnownFileType = net.daringfireball.markdown; path = README.md; sourceTree = "<group>"; };
		03E834F81C8C6AB300FAC6AD /* X11Colors.swift */ = {isa = PBXFileReference; fileEncoding = 4; lastKnownFileType = sourcecode.swift; path = X11Colors.swift; sourceTree = "<group>"; };
/* End PBXFileReference section */

/* Begin PBXFrameworksBuildPhase section */
		03E114DC1C832C83000B8942 /* Frameworks */ = {
			isa = PBXFrameworksBuildPhase;
			buildActionMask = 2147483647;
			files = (
			);
			runOnlyForDeploymentPostprocessing = 0;
		};
/* End PBXFrameworksBuildPhase section */

/* Begin PBXGroup section */
		03E114D61C832C83000B8942 = {
			isa = PBXGroup;
			children = (
				03E114EB1C832F1A000B8942 /* README.md */,
				03E834F81C8C6AB300FAC6AD /* X11Colors.swift */,
				03E114E91C832C8B000B8942 /* BitmapCanvas.swift */,
				03E114E11C832C83000B8942 /* BitmapCanvas */,
				03E114E01C832C83000B8942 /* Products */,
			);
			sourceTree = "<group>";
		};
		03E114E01C832C83000B8942 /* Products */ = {
			isa = PBXGroup;
			children = (
				03E114DF1C832C83000B8942 /* BitmapCanvas */,
			);
			name = Products;
			sourceTree = "<group>";
		};
		03E114E11C832C83000B8942 /* BitmapCanvas */ = {
			isa = PBXGroup;
			children = (
				03E114E21C832C83000B8942 /* main.swift */,
			);
			path = BitmapCanvas;
			sourceTree = "<group>";
		};
/* End PBXGroup section */

/* Begin PBXNativeTarget section */
		03E114DE1C832C83000B8942 /* BitmapCanvas */ = {
			isa = PBXNativeTarget;
			buildConfigurationList = 03E114E61C832C83000B8942 /* Build configuration list for PBXNativeTarget "BitmapCanvas" */;
			buildPhases = (
				03E114DB1C832C83000B8942 /* Sources */,
				03E114DC1C832C83000B8942 /* Frameworks */,
				03E114DD1C832C83000B8942 /* CopyFiles */,
			);
			buildRules = (
			);
			dependencies = (
			);
			name = BitmapCanvas;
			productName = BitmapCanvas;
			productReference = 03E114DF1C832C83000B8942 /* BitmapCanvas */;
			productType = "com.apple.product-type.tool";
		};
/* End PBXNativeTarget section */

/* Begin PBXProject section */
		03E114D71C832C83000B8942 /* Project object */ = {
			isa = PBXProject;
			attributes = {
				LastSwiftUpdateCheck = 0720;
				LastUpgradeCheck = 0720;
				ORGANIZATIONNAME = "Nicolas Seriot";
				TargetAttributes = {
					03E114DE1C832C83000B8942 = {
						CreatedOnToolsVersion = 7.2.1;
						LastSwiftMigration = 1010;
					};
				};
			};
			buildConfigurationList = 03E114DA1C832C83000B8942 /* Build configuration list for PBXProject "BitmapCanvas" */;
			compatibilityVersion = "Xcode 3.2";
			developmentRegion = English;
			hasScannedForEncodings = 0;
			knownRegions = (
				en,
			);
			mainGroup = 03E114D61C832C83000B8942;
			productRefGroup = 03E114E01C832C83000B8942 /* Products */;
			projectDirPath = "";
			projectRoot = "";
			targets = (
				03E114DE1C832C83000B8942 /* BitmapCanvas */,
			);
		};
/* End PBXProject section */

/* Begin PBXSourcesBuildPhase section */
		03E114DB1C832C83000B8942 /* Sources */ = {
			isa = PBXSourcesBuildPhase;
			buildActionMask = 2147483647;
			files = (
				03E114EA1C832C8B000B8942 /* BitmapCanvas.swift in Sources */,
				03E834F91C8C6AB300FAC6AD /* X11Colors.swift in Sources */,
				03E114E31C832C83000B8942 /* main.swift in Sources */,
			);
			runOnlyForDeploymentPostprocessing = 0;
		};
/* End PBXSourcesBuildPhase section */

/* Begin XCBuildConfiguration section */
		03E114E41C832C83000B8942 /* Debug */ = {
			isa = XCBuildConfiguration;
			buildSettings = {
				ALWAYS_SEARCH_USER_PATHS = NO;
				CLANG_CXX_LANGUAGE_STANDARD = "gnu++0x";
				CLANG_CXX_LIBRARY = "libc++";
				CLANG_ENABLE_MODULES = YES;
				CLANG_ENABLE_OBJC_ARC = YES;
				CLANG_WARN_BOOL_CONVERSION = YES;
				CLANG_WARN_CONSTANT_CONVERSION = YES;
				CLANG_WARN_DIRECT_OBJC_ISA_USAGE = YES_ERROR;
				CLANG_WARN_EMPTY_BODY = YES;
				CLANG_WARN_ENUM_CONVERSION = YES;
				CLANG_WARN_INT_CONVERSION = YES;
				CLANG_WARN_OBJC_ROOT_CLASS = YES_ERROR;
				CLANG_WARN_UNREACHABLE_CODE = YES;
				CLANG_WARN__DUPLICATE_METHOD_MATCH = YES;
				CODE_SIGN_IDENTITY = "-";
				COPY_PHASE_STRIP = NO;
				DEBUG_INFORMATION_FORMAT = dwarf;
				ENABLE_STRICT_OBJC_MSGSEND = YES;
				ENABLE_TESTABILITY = YES;
				GCC_C_LANGUAGE_STANDARD = gnu99;
				GCC_DYNAMIC_NO_PIC = NO;
				GCC_NO_COMMON_BLOCKS = YES;
				GCC_OPTIMIZATION_LEVEL = 0;
				GCC_PREPROCESSOR_DEFINITIONS = (
					"DEBUG=1",
					"$(inherited)",
				);
				GCC_WARN_64_TO_32_BIT_CONVERSION = YES;
				GCC_WARN_ABOUT_RETURN_TYPE = YES_ERROR;
				GCC_WARN_UNDECLARED_SELECTOR = YES;
				GCC_WARN_UNINITIALIZED_AUTOS = YES_AGGRESSIVE;
				GCC_WARN_UNUSED_FUNCTION = YES;
				GCC_WARN_UNUSED_VARIABLE = YES;
				MACOSX_DEPLOYMENT_TARGET = 10.11;
				MTL_ENABLE_DEBUG_INFO = YES;
				ONLY_ACTIVE_ARCH = YES;
				SDKROOT = macosx;
				SWIFT_OPTIMIZATION_LEVEL = "-Onone";
			};
			name = Debug;
		};
		03E114E51C832C83000B8942 /* Release */ = {
			isa = XCBuildConfiguration;
			buildSettings = {
				ALWAYS_SEARCH_USER_PATHS = NO;
				CLANG_CXX_LANGUAGE_STANDARD = "gnu++0x";
				CLANG_CXX_LIBRARY = "libc++";
				CLANG_ENABLE_MODULES = YES;
				CLANG_ENABLE_OBJC_ARC = YES;
				CLANG_WARN_BOOL_CONVERSION = YES;
				CLANG_WARN_CONSTANT_CONVERSION = YES;
				CLANG_WARN_DIRECT_OBJC_ISA_USAGE = YES_ERROR;
				CLANG_WARN_EMPTY_BODY = YES;
				CLANG_WARN_ENUM_CONVERSION = YES;
				CLANG_WARN_INT_CONVERSION = YES;
				CLANG_WARN_OBJC_ROOT_CLASS = YES_ERROR;
				CLANG_WARN_UNREACHABLE_CODE = YES;
				CLANG_WARN__DUPLICATE_METHOD_MATCH = YES;
				CODE_SIGN_IDENTITY = "-";
				COPY_PHASE_STRIP = NO;
				DEBUG_INFORMATION_FORMAT = "dwarf-with-dsym";
				ENABLE_NS_ASSERTIONS = NO;
				ENABLE_STRICT_OBJC_MSGSEND = YES;
				GCC_C_LANGUAGE_STANDARD = gnu99;
				GCC_NO_COMMON_BLOCKS = YES;
				GCC_WARN_64_TO_32_BIT_CONVERSION = YES;
				GCC_WARN_ABOUT_RETURN_TYPE = YES_ERROR;
				GCC_WARN_UNDECLARED_SELECTOR = YES;
				GCC_WARN_UNINITIALIZED_AUTOS = YES_AGGRESSIVE;
				GCC_WARN_UNUSED_FUNCTION = YES;
				GCC_WARN_UNUSED_VARIABLE = YES;
				MACOSX_DEPLOYMENT_TARGET = 10.11;
				MTL_ENABLE_DEBUG_INFO = NO;
				SDKROOT = macosx;
			};
			name = Release;
		};
		03E114E71C832C83000B8942 /* Debug */ = {
			isa = XCBuildConfiguration;
			buildSettings = {
				PRODUCT_NAME = "$(TARGET_NAME)";
				SWIFT_VERSION = 4.2;
			};
			name = Debug;
		};
		03E114E81C832C83000B8942 /* Release */ = {
			isa = XCBuildConfiguration;
			buildSettings = {
				PRODUCT_NAME = "$(TARGET_NAME)";
				SWIFT_VERSION = 4.2;
			};
			name = Release;
		};
/* End XCBuildConfiguration section */

/* Begin XCConfigurationList section */
		03E114DA1C832C83000B8942 /* Build configuration list for PBXProject "BitmapCanvas" */ = {
			isa = XCConfigurationList;
			buildConfigurations = (
				03E114E41C832C83000B8942 /* Debug */,
				03E114E51C832C83000B8942 /* Release */,
			);
			defaultConfigurationIsVisible = 0;
			defaultConfigurationName = Release;
		};
		03E114E61C832C83000B8942 /* Build configuration list for PBXNativeTarget "BitmapCanvas" */ = {
			isa = XCConfigurationList;
			buildConfigurations = (
				03E114E71C832C83000B8942 /* Debug */,
				03E114E81C832C83000B8942 /* Release */,
			);
			defaultConfigurationIsVisible = 0;
			defaultConfigurationName = Release;
		};
/* End XCConfigurationList section */
	};
	rootObject = 03E114D71C832C83000B8942 /* Project object */;
}
